
Microsoft Visual Studio Solution File, Format Version 12.00
# Visual Studio 15
VisualStudioVersion = 15.0.28010.2046
MinimumVisualStudioVersion = 10.0.40219.1
Project("{8BC9CEB8-8B4A-11D0-8D11-00A0C91BC942}") = "Patient_Record_System", "Patient_Record_System\Patient_Record_System.vcxproj", "{4DBE78A2-147C-4CEF-9A4D-C585843FC047}"
EndProject
Global
	GlobalSection(SolutionConfigurationPlatforms) = preSolution
		Debug|x64 = Debug|x64
		Debug|x86 = Debug|x86
		Release|x64 = Release|x64
		Release|x86 = Release|x86
	EndGlobalSection
	GlobalSection(ProjectConfigurationPlatforms) = postSolution
		{4DBE78A2-147C-4CEF-9A4D-C585843FC047}.Debug|x64.ActiveCfg = Debug|x64
		{4DBE78A2-147C-4CEF-9A4D-C585843FC047}.Debug|x64.Build.0 = Debug|x64
		{4DBE78A2-147C-4CEF-9A4D-C585843FC047}.Debug|x86.ActiveCfg = Debug|Win32
		{4DBE78A2-147C-4CEF-9A4D-C585843FC047}.Debug|x86.Build.0 = Debug|Win32
		{4DBE78A2-147C-4CEF-9A4D-C585843FC047}.Release|x64.ActiveCfg = Release|x64
		{4DBE78A2-147C-4CEF-9A4D-C585843FC047}.Release|x64.Build.0 = Release|x64
		{4DBE78A2-147C-4CEF-9A4D-C585843FC047}.Release|x86.ActiveCfg = Release|Win32
		{4DBE78A2-147C-4CEF-9A4D-C585843FC047}.Release|x86.Build.0 = Release|Win32
	EndGlobalSection
	GlobalSection(SolutionProperties) = preSolution
		HideSolutionNode = FALSE
	EndGlobalSection
	GlobalSection(ExtensibilityGlobals) = postSolution
		SolutionGuid = {05EF313A-39FC-4B50-B75B-69B8985D4F98}
	EndGlobalSection
EndGlobal
